{
  "name": "toy-swap",
  "lockfileVersion": 3,
  "requires": true,
  "packages": {
    "": {
      "dependencies": {
        "weui": "^2.6.21"
      }
    },
    "node_modules/weui": {
      "version": "2.6.21",
      "resolved": "https://registry.npmjs.org/weui/-/weui-2.6.21.tgz",
      "integrity": "sha512-SfDZIwEbJm9XANivyNXd9Q7Je9SKus0Vy4H0513jd2BtPefojNtDpCQVvuKEkH3EdseluK7/aRL+pX83xWbfeQ=="
    }
  }
}
